// !$*UTF8*$!
{
	archiveVersion = 1;
	classes = {
	};
	objectVersion = 47;
	objects = {

/* Begin PBXBuildFile section */
		C31F33A81E603AA00059DBA3 /* PDFViewer.m in Sources */ = {isa = PBXBuildFile; fileRef = C31F33A71E603AA00059DBA3 /* PDFViewer.m */; };
		C31F33AB1E6048BB0059DBA3 /* UserPreference.m in Sources */ = {isa = PBXBuildFile; fileRef = C31F33AA1E6048BB0059DBA3 /* UserPreference.m */; };
		C31F33AE1E61721F0059DBA3 /* DataConfigLoader.m in Sources */ = {isa = PBXBuildFile; fileRef = C31F33AD1E61721F0059DBA3 /* DataConfigLoader.m */; };
		C359118C1E66F5560093C648 /* libz.1.2.5.tbd in Frameworks */ = {isa = PBXBuildFile; fileRef = C393D5B81E66EE9F0010F82D /* libz.1.2.5.tbd */; };
		C35911981E66F6C70093C648 /* ioapi.c in Sources */ = {isa = PBXBuildFile; fileRef = C35911901E66F6C70093C648 /* ioapi.c */; };
		C35911991E66F6C70093C648 /* mztools.c in Sources */ = {isa = PBXBuildFile; fileRef = C35911921E66F6C70093C648 /* mztools.c */; };
		C359119A1E66F6C70093C648 /* unzip.c in Sources */ = {isa = PBXBuildFile; fileRef = C35911941E66F6C70093C648 /* unzip.c */; };
		C359119B1E66F6C70093C648 /* zip.c in Sources */ = {isa = PBXBuildFile; fileRef = C35911961E66F6C70093C648 /* zip.c */; };
		C359119E1E67029C0093C648 /* WebKit.framework in Frameworks */ = {isa = PBXBuildFile; fileRef = C359119D1E67029C0093C648 /* WebKit.framework */; };
		C38907F51E64430700956D14 /* BookItemView.m in Sources */ = {isa = PBXBuildFile; fileRef = C38907F41E64430700956D14 /* BookItemView.m */; };
		C393D5AB1E66D75F0010F82D /* EPubViewController.m in Sources */ = {isa = PBXBuildFile; fileRef = C393D5AA1E66D75F0010F82D /* EPubViewController.m */; };
		C393D5B31E66DACF0010F82D /* EPubParser.m in Sources */ = {isa = PBXBuildFile; fileRef = C393D5B21E66DACF0010F82D /* EPubParser.m */; };
		C393D5BF1E66F3600010F82D /* SSZipArchive.m in Sources */ = {isa = PBXBuildFile; fileRef = C393D5BE1E66F3600010F82D /* SSZipArchive.m */; };
		C3C141BA1E63542A00CBF651 /* BookLibToolBar.m in Sources */ = {isa = PBXBuildFile; fileRef = C3C141B91E63542A00CBF651 /* BookLibToolBar.m */; };
		C3ED14121E6BF7B10050900D /* LibraryViewWithDragAndDrop.m in Sources */ = {isa = PBXBuildFile; fileRef = C3ED14111E6BF7B10050900D /* LibraryViewWithDragAndDrop.m */; };
		C3ED14151E6C5B920050900D /* ProgressView.m in Sources */ = {isa = PBXBuildFile; fileRef = C3ED14141E6C5B920050900D /* ProgressView.m */; };
		C3EF0EDB1E5B67AE002917F7 /* AppDelegate.m in Sources */ = {isa = PBXBuildFile; fileRef = C3EF0EDA1E5B67AE002917F7 /* AppDelegate.m */; };
		C3EF0EDE1E5B67AE002917F7 /* main.m in Sources */ = {isa = PBXBuildFile; fileRef = C3EF0EDD1E5B67AE002917F7 /* main.m */; };
		C3EF0EE41E5B67AE002917F7 /* WBookLibrary.xcdatamodeld in Sources */ = {isa = PBXBuildFile; fileRef = C3EF0EE21E5B67AE002917F7 /* WBookLibrary.xcdatamodeld */; };
		C3EF0EE61E5B67AE002917F7 /* Assets.xcassets in Resources */ = {isa = PBXBuildFile; fileRef = C3EF0EE51E5B67AE002917F7 /* Assets.xcassets */; };
		C3EF0EE91E5B67AE002917F7 /* Main.storyboard in Resources */ = {isa = PBXBuildFile; fileRef = C3EF0EE71E5B67AE002917F7 /* Main.storyboard */; };
		C3EF0EF21E5B683D002917F7 /* MainViewController.m in Sources */ = {isa = PBXBuildFile; fileRef = C3EF0EF11E5B683D002917F7 /* MainViewController.m */; };
		C3EF0EF61E5B686A002917F7 /* BookItem.m in Sources */ = {isa = PBXBuildFile; fileRef = C3EF0EF41E5B686A002917F7 /* BookItem.m */; };
		C3EF0EF71E5B686A002917F7 /* BookItem.xib in Resources */ = {isa = PBXBuildFile; fileRef = C3EF0EF51E5B686A002917F7 /* BookItem.xib */; };
/* End PBXBuildFile section */

/* Begin PBXFileReference section */
		C31F33A61E603AA00059DBA3 /* PDFViewer.h */ = {isa = PBXFileReference; fileEncoding = 4; lastKnownFileType = sourcecode.c.h; path = PDFViewer.h; sourceTree = "<group>"; };
		C31F33A71E603AA00059DBA3 /* PDFViewer.m */ = {isa = PBXFileReference; fileEncoding = 4; lastKnownFileType = sourcecode.c.objc; path = PDFViewer.m; sourceTree = "<group>"; };
		C31F33A91E6048BB0059DBA3 /* UserPreference.h */ = {isa = PBXFileReference; fileEncoding = 4; lastKnownFileType = sourcecode.c.h; path = UserPreference.h; sourceTree = "<group>"; };
		C31F33AA1E6048BB0059DBA3 /* UserPreference.m */ = {isa = PBXFileReference; fileEncoding = 4; lastKnownFileType = sourcecode.c.objc; path = UserPreference.m; sourceTree = "<group>"; };
		C31F33AC1E61721F0059DBA3 /* DataConfigLoader.h */ = {isa = PBXFileReference; fileEncoding = 4; lastKnownFileType = sourcecode.c.h; path = DataConfigLoader.h; sourceTree = "<group>"; };
		C31F33AD1E61721F0059DBA3 /* DataConfigLoader.m */ = {isa = PBXFileReference; fileEncoding = 4; lastKnownFileType = sourcecode.c.objc; path = DataConfigLoader.m; sourceTree = "<group>"; };
		C359118F1E66F6C70093C648 /* crypt.h */ = {isa = PBXFileReference; fileEncoding = 4; lastKnownFileType = sourcecode.c.h; name = crypt.h; path = minizip/crypt.h; sourceTree = "<group>"; };
		C35911901E66F6C70093C648 /* ioapi.c */ = {isa = PBXFileReference; fileEncoding = 4; lastKnownFileType = sourcecode.c.c; name = ioapi.c; path = minizip/ioapi.c; sourceTree = "<group>"; };
		C35911911E66F6C70093C648 /* ioapi.h */ = {isa = PBXFileReference; fileEncoding = 4; lastKnownFileType = sourcecode.c.h; name = ioapi.h; path = minizip/ioapi.h; sourceTree = "<group>"; };
		C35911921E66F6C70093C648 /* mztools.c */ = {isa = PBXFileReference; fileEncoding = 4; lastKnownFileType = sourcecode.c.c; name = mztools.c; path = minizip/mztools.c; sourceTree = "<group>"; };
		C35911931E66F6C70093C648 /* mztools.h */ = {isa = PBXFileReference; fileEncoding = 4; lastKnownFileType = sourcecode.c.h; name = mztools.h; path = minizip/mztools.h; sourceTree = "<group>"; };
		C35911941E66F6C70093C648 /* unzip.c */ = {isa = PBXFileReference; fileEncoding = 4; lastKnownFileType = sourcecode.c.c; name = unzip.c; path = minizip/unzip.c; sourceTree = "<group>"; };
		C35911951E66F6C70093C648 /* unzip.h */ = {isa = PBXFileReference; fileEncoding = 4; lastKnownFileType = sourcecode.c.h; name = unzip.h; path = minizip/unzip.h; sourceTree = "<group>"; };
		C35911961E66F6C70093C648 /* zip.c */ = {isa = PBXFileReference; fileEncoding = 4; lastKnownFileType = sourcecode.c.c; name = zip.c; path = minizip/zip.c; sourceTree = "<group>"; };
		C35911971E66F6C70093C648 /* zip.h */ = {isa = PBXFileReference; fileEncoding = 4; lastKnownFileType = sourcecode.c.h; name = zip.h; path = minizip/zip.h; sourceTree = "<group>"; };
		C359119D1E67029C0093C648 /* WebKit.framework */ = {isa = PBXFileReference; lastKnownFileType = wrapper.framework; name = WebKit.framework; path = System/Library/Frameworks/WebKit.framework; sourceTree = SDKROOT; };
		C38907F31E64430600956D14 /* BookItemView.h */ = {isa = PBXFileReference; fileEncoding = 4; lastKnownFileType = sourcecode.c.h; path = BookItemView.h; sourceTree = "<group>"; };
		C38907F41E64430700956D14 /* BookItemView.m */ = {isa = PBXFileReference; fileEncoding = 4; lastKnownFileType = sourcecode.c.objc; path = BookItemView.m; sourceTree = "<group>"; };
		C393D5A91E66D75F0010F82D /* EPubViewController.h */ = {isa = PBXFileReference; fileEncoding = 4; lastKnownFileType = sourcecode.c.h; path = EPubViewController.h; sourceTree = "<group>"; };
		C393D5AA1E66D75F0010F82D /* EPubViewController.m */ = {isa = PBXFileReference; fileEncoding = 4; lastKnownFileType = sourcecode.c.objc; path = EPubViewController.m; sourceTree = "<group>"; };
		C393D5B11E66DACF0010F82D /* EPubParser.h */ = {isa = PBXFileReference; fileEncoding = 4; lastKnownFileType = sourcecode.c.h; path = EPubParser.h; sourceTree = "<group>"; };
		C393D5B21E66DACF0010F82D /* EPubParser.m */ = {isa = PBXFileReference; fileEncoding = 4; lastKnownFileType = sourcecode.c.objc; path = EPubParser.m; sourceTree = "<group>"; };
		C393D5B51E66DAF30010F82D /* libz.tbd */ = {isa = PBXFileReference; lastKnownFileType = "sourcecode.text-based-dylib-definition"; name = libz.tbd; path = usr/lib/libz.tbd; sourceTree = SDKROOT; };
		C393D5B81E66EE9F0010F82D /* libz.1.2.5.tbd */ = {isa = PBXFileReference; lastKnownFileType = "sourcecode.text-based-dylib-definition"; name = libz.1.2.5.tbd; path = usr/lib/libz.1.2.5.tbd; sourceTree = SDKROOT; };
		C393D5BD1E66F3600010F82D /* SSZipArchive.h */ = {isa = PBXFileReference; fileEncoding = 4; lastKnownFileType = sourcecode.c.h; path = SSZipArchive.h; sourceTree = "<group>"; };
		C393D5BE1E66F3600010F82D /* SSZipArchive.m */ = {isa = PBXFileReference; fileEncoding = 4; lastKnownFileType = sourcecode.c.objc; path = SSZipArchive.m; sourceTree = "<group>"; };
		C3C141B81E63542A00CBF651 /* BookLibToolBar.h */ = {isa = PBXFileReference; fileEncoding = 4; lastKnownFileType = sourcecode.c.h; path = BookLibToolBar.h; sourceTree = "<group>"; };
		C3C141B91E63542A00CBF651 /* BookLibToolBar.m */ = {isa = PBXFileReference; fileEncoding = 4; lastKnownFileType = sourcecode.c.objc; path = BookLibToolBar.m; sourceTree = "<group>"; };
		C3ED14101E6BF7B10050900D /* LibraryViewWithDragAndDrop.h */ = {isa = PBXFileReference; fileEncoding = 4; lastKnownFileType = sourcecode.c.h; path = LibraryViewWithDragAndDrop.h; sourceTree = "<group>"; };
		C3ED14111E6BF7B10050900D /* LibraryViewWithDragAndDrop.m */ = {isa = PBXFileReference; fileEncoding = 4; lastKnownFileType = sourcecode.c.objc; path = LibraryViewWithDragAndDrop.m; sourceTree = "<group>"; };
		C3ED14131E6C5B920050900D /* ProgressView.h */ = {isa = PBXFileReference; fileEncoding = 4; lastKnownFileType = sourcecode.c.h; path = ProgressView.h; sourceTree = "<group>"; };
		C3ED14141E6C5B920050900D /* ProgressView.m */ = {isa = PBXFileReference; fileEncoding = 4; lastKnownFileType = sourcecode.c.objc; path = ProgressView.m; sourceTree = "<group>"; };
		C3EF0ED61E5B67AD002917F7 /* WBookLibrary.app */ = {isa = PBXFileReference; explicitFileType = wrapper.application; includeInIndex = 0; path = WBookLibrary.app; sourceTree = BUILT_PRODUCTS_DIR; };
		C3EF0ED91E5B67AD002917F7 /* AppDelegate.h */ = {isa = PBXFileReference; lastKnownFileType = sourcecode.c.h; path = AppDelegate.h; sourceTree = "<group>"; };
		C3EF0EDA1E5B67AE002917F7 /* AppDelegate.m */ = {isa = PBXFileReference; lastKnownFileType = sourcecode.c.objc; path = AppDelegate.m; sourceTree = "<group>"; };
		C3EF0EDD1E5B67AE002917F7 /* main.m */ = {isa = PBXFileReference; lastKnownFileType = sourcecode.c.objc; path = main.m; sourceTree = "<group>"; };
		C3EF0EE31E5B67AE002917F7 /* WBookLibrary.xcdatamodel */ = {isa = PBXFileReference; lastKnownFileType = wrapper.xcdatamodel; path = WBookLibrary.xcdatamodel; sourceTree = "<group>"; };
		C3EF0EE51E5B67AE002917F7 /* Assets.xcassets */ = {isa = PBXFileReference; lastKnownFileType = folder.assetcatalog; path = Assets.xcassets; sourceTree = "<group>"; };
		C3EF0EE81E5B67AE002917F7 /* Base */ = {isa = PBXFileReference; lastKnownFileType = file.storyboard; name = Base; path = Base.lproj/Main.storyboard; sourceTree = "<group>"; };
		C3EF0EEA1E5B67AE002917F7 /* Info.plist */ = {isa = PBXFileReference; lastKnownFileType = text.plist.xml; path = Info.plist; sourceTree = "<group>"; };
		C3EF0EF01E5B683D002917F7 /* MainViewController.h */ = {isa = PBXFileReference; fileEncoding = 4; lastKnownFileType = sourcecode.c.h; path = MainViewController.h; sourceTree = "<group>"; };
		C3EF0EF11E5B683D002917F7 /* MainViewController.m */ = {isa = PBXFileReference; fileEncoding = 4; lastKnownFileType = sourcecode.c.objc; path = MainViewController.m; sourceTree = "<group>"; };
		C3EF0EF31E5B686A002917F7 /* BookItem.h */ = {isa = PBXFileReference; fileEncoding = 4; lastKnownFileType = sourcecode.c.h; path = BookItem.h; sourceTree = "<group>"; };
		C3EF0EF41E5B686A002917F7 /* BookItem.m */ = {isa = PBXFileReference; fileEncoding = 4; lastKnownFileType = sourcecode.c.objc; path = BookItem.m; sourceTree = "<group>"; };
		C3EF0EF51E5B686A002917F7 /* BookItem.xib */ = {isa = PBXFileReference; fileEncoding = 4; lastKnownFileType = file.xib; path = BookItem.xib; sourceTree = "<group>"; };
/* End PBXFileReference section */

/* Begin PBXFrameworksBuildPhase section */
		C3EF0ED31E5B67AD002917F7 /* Frameworks */ = {
			isa = PBXFrameworksBuildPhase;
			buildActionMask = 2147483647;
			files = (
				C359119E1E67029C0093C648 /* WebKit.framework in Frameworks */,
				C359118C1E66F5560093C648 /* libz.1.2.5.tbd in Frameworks */,
			);
			runOnlyForDeploymentPostprocessing = 0;
		};
/* End PBXFrameworksBuildPhase section */

/* Begin PBXGroup section */
		C359119C1E66F6DE0093C648 /* minizip */ = {
			isa = PBXGroup;
			children = (
				C359118F1E66F6C70093C648 /* crypt.h */,
				C35911901E66F6C70093C648 /* ioapi.c */,
				C35911911E66F6C70093C648 /* ioapi.h */,
				C35911921E66F6C70093C648 /* mztools.c */,
				C35911931E66F6C70093C648 /* mztools.h */,
				C35911941E66F6C70093C648 /* unzip.c */,
				C35911951E66F6C70093C648 /* unzip.h */,
				C35911961E66F6C70093C648 /* zip.c */,
				C35911971E66F6C70093C648 /* zip.h */,
			);
			name = minizip;
			sourceTree = "<group>";
		};
		C393D5B41E66DAF30010F82D /* Frameworks */ = {
			isa = PBXGroup;
			children = (
				C359119D1E67029C0093C648 /* WebKit.framework */,
				C393D5B81E66EE9F0010F82D /* libz.1.2.5.tbd */,
				C393D5B51E66DAF30010F82D /* libz.tbd */,
			);
			name = Frameworks;
			sourceTree = "<group>";
		};
		C3EF0ECD1E5B67AD002917F7 = {
			isa = PBXGroup;
			children = (
				C3EF0ED81E5B67AD002917F7 /* WBookLibrary */,
				C3EF0ED71E5B67AD002917F7 /* Products */,
				C393D5B41E66DAF30010F82D /* Frameworks */,
			);
			sourceTree = "<group>";
		};
		C3EF0ED71E5B67AD002917F7 /* Products */ = {
			isa = PBXGroup;
			children = (
				C3EF0ED61E5B67AD002917F7 /* WBookLibrary.app */,
			);
			name = Products;
			sourceTree = "<group>";
		};
		C3EF0ED81E5B67AD002917F7 /* WBookLibrary */ = {
			isa = PBXGroup;
			children = (
				C359119C1E66F6DE0093C648 /* minizip */,
				C393D5BD1E66F3600010F82D /* SSZipArchive.h */,
				C393D5BE1E66F3600010F82D /* SSZipArchive.m */,
				C3EF0ED91E5B67AD002917F7 /* AppDelegate.h */,
				C3EF0EDA1E5B67AE002917F7 /* AppDelegate.m */,
				C3EF0EE51E5B67AE002917F7 /* Assets.xcassets */,
				C3EF0EE71E5B67AE002917F7 /* Main.storyboard */,
				C3EF0EEA1E5B67AE002917F7 /* Info.plist */,
				C3EF0EE21E5B67AE002917F7 /* WBookLibrary.xcdatamodeld */,
				C3EF0EDC1E5B67AE002917F7 /* Supporting Files */,
				C3EF0EF01E5B683D002917F7 /* MainViewController.h */,
				C3EF0EF11E5B683D002917F7 /* MainViewController.m */,
				C3EF0EF31E5B686A002917F7 /* BookItem.h */,
				C3EF0EF41E5B686A002917F7 /* BookItem.m */,
				C38907F31E64430600956D14 /* BookItemView.h */,
				C38907F41E64430700956D14 /* BookItemView.m */,
				C3EF0EF51E5B686A002917F7 /* BookItem.xib */,
				C31F33A61E603AA00059DBA3 /* PDFViewer.h */,
				C31F33A71E603AA00059DBA3 /* PDFViewer.m */,
				C31F33A91E6048BB0059DBA3 /* UserPreference.h */,
				C31F33AA1E6048BB0059DBA3 /* UserPreference.m */,
				C31F33AC1E61721F0059DBA3 /* DataConfigLoader.h */,
				C31F33AD1E61721F0059DBA3 /* DataConfigLoader.m */,
				C3C141B81E63542A00CBF651 /* BookLibToolBar.h */,
				C3C141B91E63542A00CBF651 /* BookLibToolBar.m */,
				C393D5A91E66D75F0010F82D /* EPubViewController.h */,
				C393D5AA1E66D75F0010F82D /* EPubViewController.m */,
				C393D5B11E66DACF0010F82D /* EPubParser.h */,
				C393D5B21E66DACF0010F82D /* EPubParser.m */,
				C3ED14101E6BF7B10050900D /* LibraryViewWithDragAndDrop.h */,
				C3ED14111E6BF7B10050900D /* LibraryViewWithDragAndDrop.m */,
				C3ED14131E6C5B920050900D /* ProgressView.h */,
				C3ED14141E6C5B920050900D /* ProgressView.m */,
			);
			path = WBookLibrary;
			sourceTree = "<group>";
		};
		C3EF0EDC1E5B67AE002917F7 /* Supporting Files */ = {
			isa = PBXGroup;
			children = (
				C3EF0EDD1E5B67AE002917F7 /* main.m */,
			);
			name = "Supporting Files";
			sourceTree = "<group>";
		};
/* End PBXGroup section */

/* Begin PBXNativeTarget section */
		C3EF0ED51E5B67AD002917F7 /* WBookLibrary */ = {
			isa = PBXNativeTarget;
			buildConfigurationList = C3EF0EED1E5B67AE002917F7 /* Build configuration list for PBXNativeTarget "WBookLibrary" */;
			buildPhases = (
				C3EF0ED21E5B67AD002917F7 /* Sources */,
				C3EF0ED31E5B67AD002917F7 /* Frameworks */,
				C3EF0ED41E5B67AD002917F7 /* Resources */,
			);
			buildRules = (
			);
			dependencies = (
			);
			name = WBookLibrary;
			productName = WBookLibrary;
			productReference = C3EF0ED61E5B67AD002917F7 /* WBookLibrary.app */;
			productType = "com.apple.product-type.application";
		};
/* End PBXNativeTarget section */

/* Begin PBXProject section */
		C3EF0ECE1E5B67AD002917F7 /* Project object */ = {
			isa = PBXProject;
			attributes = {
				LastUpgradeCheck = 0820;
				ORGANIZATIONNAME = "Denis Andreev";
				TargetAttributes = {
					C3EF0ED51E5B67AD002917F7 = {
						CreatedOnToolsVersion = 8.2.1;
						DevelopmentTeam = PP7FFEG287;
						ProvisioningStyle = Automatic;
					};
				};
			};
			buildConfigurationList = C3EF0ED11E5B67AD002917F7 /* Build configuration list for PBXProject "WBookLibrary" */;
			compatibilityVersion = "Xcode 6.3";
			developmentRegion = English;
			hasScannedForEncodings = 0;
			knownRegions = (
				en,
				Base,
			);
			mainGroup = C3EF0ECD1E5B67AD002917F7;
			productRefGroup = C3EF0ED71E5B67AD002917F7 /* Products */;
			projectDirPath = "";
			projectRoot = "";
			targets = (
				C3EF0ED51E5B67AD002917F7 /* WBookLibrary */,
			);
		};
/* End PBXProject section */

/* Begin PBXResourcesBuildPhase section */
		C3EF0ED41E5B67AD002917F7 /* Resources */ = {
			isa = PBXResourcesBuildPhase;
			buildActionMask = 2147483647;
			files = (
				C3EF0EF71E5B686A002917F7 /* BookItem.xib in Resources */,
				C3EF0EE61E5B67AE002917F7 /* Assets.xcassets in Resources */,
				C3EF0EE91E5B67AE002917F7 /* Main.storyboard in Resources */,
			);
			runOnlyForDeploymentPostprocessing = 0;
		};
/* End PBXResourcesBuildPhase section */

/* Begin PBXSourcesBuildPhase section */
		C3EF0ED21E5B67AD002917F7 /* Sources */ = {
			isa = PBXSourcesBuildPhase;
			buildActionMask = 2147483647;
			files = (
				C3C141BA1E63542A00CBF651 /* BookLibToolBar.m in Sources */,
				C3EF0EE41E5B67AE002917F7 /* WBookLibrary.xcdatamodeld in Sources */,
				C393D5BF1E66F3600010F82D /* SSZipArchive.m in Sources */,
				C38907F51E64430700956D14 /* BookItemView.m in Sources */,
				C3EF0EDE1E5B67AE002917F7 /* main.m in Sources */,
				C31F33A81E603AA00059DBA3 /* PDFViewer.m in Sources */,
				C359119B1E66F6C70093C648 /* zip.c in Sources */,
				C35911981E66F6C70093C648 /* ioapi.c in Sources */,
				C31F33AB1E6048BB0059DBA3 /* UserPreference.m in Sources */,
				C393D5AB1E66D75F0010F82D /* EPubViewController.m in Sources */,
				C31F33AE1E61721F0059DBA3 /* DataConfigLoader.m in Sources */,
				C3EF0EDB1E5B67AE002917F7 /* AppDelegate.m in Sources */,
				C393D5B31E66DACF0010F82D /* EPubParser.m in Sources */,
				C3ED14151E6C5B920050900D /* ProgressView.m in Sources */,
				C3EF0EF61E5B686A002917F7 /* BookItem.m in Sources */,
				C3EF0EF21E5B683D002917F7 /* MainViewController.m in Sources */,
				C3ED14121E6BF7B10050900D /* LibraryViewWithDragAndDrop.m in Sources */,
				C359119A1E66F6C70093C648 /* unzip.c in Sources */,
				C35911991E66F6C70093C648 /* mztools.c in Sources */,
			);
			runOnlyForDeploymentPostprocessing = 0;
		};
/* End PBXSourcesBuildPhase section */

/* Begin PBXVariantGroup section */
		C3EF0EE71E5B67AE002917F7 /* Main.storyboard */ = {
			isa = PBXVariantGroup;
			children = (
				C3EF0EE81E5B67AE002917F7 /* Base */,
			);
			name = Main.storyboard;
			sourceTree = "<group>";
		};
/* End PBXVariantGroup section */

/* Begin XCBuildConfiguration section */
		C3EF0EEB1E5B67AE002917F7 /* Debug */ = {
			isa = XCBuildConfiguration;
			buildSettings = {
				ALWAYS_SEARCH_USER_PATHS = NO;
				CLANG_ANALYZER_NONNULL = YES;
				CLANG_CXX_LANGUAGE_STANDARD = "gnu++0x";
				CLANG_CXX_LIBRARY = "libc++";
				CLANG_ENABLE_MODULES = YES;
				CLANG_ENABLE_OBJC_ARC = YES;
				CLANG_WARN_BOOL_CONVERSION = YES;
				CLANG_WARN_CONSTANT_CONVERSION = YES;
				CLANG_WARN_DIRECT_OBJC_ISA_USAGE = YES_ERROR;
				CLANG_WARN_DOCUMENTATION_COMMENTS = YES;
				CLANG_WARN_EMPTY_BODY = YES;
				CLANG_WARN_ENUM_CONVERSION = YES;
				CLANG_WARN_INFINITE_RECURSION = YES;
				CLANG_WARN_INT_CONVERSION = YES;
				CLANG_WARN_OBJC_ROOT_CLASS = YES_ERROR;
				CLANG_WARN_SUSPICIOUS_MOVE = YES;
				CLANG_WARN_UNREACHABLE_CODE = YES;
				CLANG_WARN__DUPLICATE_METHOD_MATCH = YES;
				CODE_SIGN_IDENTITY = "-";
				COPY_PHASE_STRIP = NO;
				DEBUG_INFORMATION_FORMAT = dwarf;
				ENABLE_STRICT_OBJC_MSGSEND = YES;
				ENABLE_TESTABILITY = YES;
				GCC_C_LANGUAGE_STANDARD = gnu99;
				GCC_DYNAMIC_NO_PIC = NO;
				GCC_NO_COMMON_BLOCKS = YES;
				GCC_OPTIMIZATION_LEVEL = 0;
				GCC_PREPROCESSOR_DEFINITIONS = (
					"DEBUG=1",
					"$(inherited)",
				);
				GCC_WARN_64_TO_32_BIT_CONVERSION = YES;
				GCC_WARN_ABOUT_RETURN_TYPE = YES_ERROR;
				GCC_WARN_UNDECLARED_SELECTOR = YES;
				GCC_WARN_UNINITIALIZED_AUTOS = YES_AGGRESSIVE;
				GCC_WARN_UNUSED_FUNCTION = YES;
				GCC_WARN_UNUSED_VARIABLE = YES;
				MACOSX_DEPLOYMENT_TARGET = 10.12;
				MTL_ENABLE_DEBUG_INFO = YES;
				ONLY_ACTIVE_ARCH = YES;
				SDKROOT = macosx;
			};
			name = Debug;
		};
		C3EF0EEC1E5B67AE002917F7 /* Release */ = {
			isa = XCBuildConfiguration;
			buildSettings = {
				ALWAYS_SEARCH_USER_PATHS = NO;
				CLANG_ANALYZER_NONNULL = YES;
				CLANG_CXX_LANGUAGE_STANDARD = "gnu++0x";
				CLANG_CXX_LIBRARY = "libc++";
				CLANG_ENABLE_MODULES = YES;
				CLANG_ENABLE_OBJC_ARC = YES;
				CLANG_WARN_BOOL_CONVERSION = YES;
				CLANG_WARN_CONSTANT_CONVERSION = YES;
				CLANG_WARN_DIRECT_OBJC_ISA_USAGE = YES_ERROR;
				CLANG_WARN_DOCUMENTATION_COMMENTS = YES;
				CLANG_WARN_EMPTY_BODY = YES;
				CLANG_WARN_ENUM_CONVERSION = YES;
				CLANG_WARN_INFINITE_RECURSION = YES;
				CLANG_WARN_INT_CONVERSION = YES;
				CLANG_WARN_OBJC_ROOT_CLASS = YES_ERROR;
				CLANG_WARN_SUSPICIOUS_MOVE = YES;
				CLANG_WARN_UNREACHABLE_CODE = YES;
				CLANG_WARN__DUPLICATE_METHOD_MATCH = YES;
				CODE_SIGN_IDENTITY = "-";
				COPY_PHASE_STRIP = NO;
				DEBUG_INFORMATION_FORMAT = "dwarf-with-dsym";
				ENABLE_NS_ASSERTIONS = NO;
				ENABLE_STRICT_OBJC_MSGSEND = YES;
				GCC_C_LANGUAGE_STANDARD = gnu99;
				GCC_NO_COMMON_BLOCKS = YES;
				GCC_WARN_64_TO_32_BIT_CONVERSION = YES;
				GCC_WARN_ABOUT_RETURN_TYPE = YES_ERROR;
				GCC_WARN_UNDECLARED_SELECTOR = YES;
				GCC_WARN_UNINITIALIZED_AUTOS = YES_AGGRESSIVE;
				GCC_WARN_UNUSED_FUNCTION = YES;
				GCC_WARN_UNUSED_VARIABLE = YES;
				MACOSX_DEPLOYMENT_TARGET = 10.12;
				MTL_ENABLE_DEBUG_INFO = NO;
				SDKROOT = macosx;
			};
			name = Release;
		};
		C3EF0EEE1E5B67AE002917F7 /* Debug */ = {
			isa = XCBuildConfiguration;
			buildSettings = {
				ASSETCATALOG_COMPILER_APPICON_NAME = AppIcon;
				COMBINE_HIDPI_IMAGES = YES;
				DEVELOPMENT_TEAM = PP7FFEG287;
				INFOPLIST_FILE = WBookLibrary/Info.plist;
				LD_RUNPATH_SEARCH_PATHS = "$(inherited) @executable_path/../Frameworks";
				MACOSX_DEPLOYMENT_TARGET = 10.11;
				OTHER_LDFLAGS = /usr/lib/libz.dylib;
				PRODUCT_BUNDLE_IDENTIFIER = com.wiirlock.WBookLibrary;
				PRODUCT_NAME = "$(TARGET_NAME)";
			};
			name = Debug;
		};
		C3EF0EEF1E5B67AE002917F7 /* Release */ = {
			isa = XCBuildConfiguration;
			buildSettings = {
				ASSETCATALOG_COMPILER_APPICON_NAME = AppIcon;
				COMBINE_HIDPI_IMAGES = YES;
				DEVELOPMENT_TEAM = PP7FFEG287;
				INFOPLIST_FILE = WBookLibrary/Info.plist;
				LD_RUNPATH_SEARCH_PATHS = "$(inherited) @executable_path/../Frameworks";
				MACOSX_DEPLOYMENT_TARGET = 10.11;
				OTHER_LDFLAGS = /usr/lib/libz.dylib;
				PRODUCT_BUNDLE_IDENTIFIER = com.wiirlock.WBookLibrary;
				PRODUCT_NAME = "$(TARGET_NAME)";
			};
			name = Release;
		};
/* End XCBuildConfiguration section */

/* Begin XCConfigurationList section */
		C3EF0ED11E5B67AD002917F7 /* Build configuration list for PBXProject "WBookLibrary" */ = {
			isa = XCConfigurationList;
			buildConfigurations = (
				C3EF0EEB1E5B67AE002917F7 /* Debug */,
				C3EF0EEC1E5B67AE002917F7 /* Release */,
			);
			defaultConfigurationIsVisible = 0;
			defaultConfigurationName = Release;
		};
		C3EF0EED1E5B67AE002917F7 /* Build configuration list for PBXNativeTarget "WBookLibrary" */ = {
			isa = XCConfigurationList;
			buildConfigurations = (
				C3EF0EEE1E5B67AE002917F7 /* Debug */,
				C3EF0EEF1E5B67AE002917F7 /* Release */,
			);
			defaultConfigurationIsVisible = 0;
			defaultConfigurationName = Release;
		};
/* End XCConfigurationList section */

/* Begin XCVersionGroup section */
		C3EF0EE21E5B67AE002917F7 /* WBookLibrary.xcdatamodeld */ = {
			isa = XCVersionGroup;
			children = (
				C3EF0EE31E5B67AE002917F7 /* WBookLibrary.xcdatamodel */,
			);
			currentVersion = C3EF0EE31E5B67AE002917F7 /* WBookLibrary.xcdatamodel */;
			path = WBookLibrary.xcdatamodeld;
			sourceTree = "<group>";
			versionGroupType = wrapper.xcdatamodel;
		};
/* End XCVersionGroup section */
	};
	rootObject = C3EF0ECE1E5B67AD002917F7 /* Project object */;
}
